
Microsoft Visual Studio Solution File, Format Version 12.00
# Visual Studio Version 17
VisualStudioVersion = 17.0.32014.148
MinimumVisualStudioVersion = 10.0.40219.1
Project("{9A19103F-16F7-4668-BE54-9A1E7A4F7556}") = "templatepack", "templates\templatepack.csproj", "{8778C196-4145-4140-8E91-9C2475DEB121}"
EndProject
Project("{FAE04EC0-301F-11D3-BF4B-00C04F79EFBC}") = "PLCOnNet", "PLCOnNet\PLCOnNet.csproj", "{69A3E2C8-CB04-A9F0-07A8-6891C049CBA6}"
EndProject
Project("{FAE04EC0-301F-11D3-BF4B-00C04F79EFBC}") = "PLCOnNetCLI", "PLCOnNetCLI\PLCOnNetCLI.csproj", "{89C9104D-E3BA-5370-9A1C-B5B348B030E5}"
EndProject
Project("{FAE04EC0-301F-11D3-BF4B-00C04F79EFBC}") = "PLCOnNetPS", "PLCOnNetPS\PLCOnNetPS.csproj", "{67B36024-27BB-7C1F-730C-53DD500F404D}"
EndProject
Global
	GlobalSection(SolutionConfigurationPlatforms) = preSolution
		Debug|Any CPU = Debug|Any CPU
		Release|Any CPU = Release|Any CPU
	EndGlobalSection
	GlobalSection(ProjectConfigurationPlatforms) = postSolution
		{8778C196-4145-4140-8E91-9C2475DEB121}.Debug|Any CPU.ActiveCfg = Debug|Any CPU
		{8778C196-4145-4140-8E91-9C2475DEB121}.Debug|Any CPU.Build.0 = Debug|Any CPU
		{8778C196-4145-4140-8E91-9C2475DEB121}.Release|Any CPU.ActiveCfg = Release|Any CPU
		{8778C196-4145-4140-8E91-9C2475DEB121}.Release|Any CPU.Build.0 = Release|Any CPU
		{69A3E2C8-CB04-A9F0-07A8-6891C049CBA6}.Debug|Any CPU.ActiveCfg = Debug|Any CPU
		{69A3E2C8-CB04-A9F0-07A8-6891C049CBA6}.Debug|Any CPU.Build.0 = Debug|Any CPU
		{69A3E2C8-CB04-A9F0-07A8-6891C049CBA6}.Release|Any CPU.ActiveCfg = Release|Any CPU
		{69A3E2C8-CB04-A9F0-07A8-6891C049CBA6}.Release|Any CPU.Build.0 = Release|Any CPU
		{89C9104D-E3BA-5370-9A1C-B5B348B030E5}.Debug|Any CPU.ActiveCfg = Debug|Any CPU
		{89C9104D-E3BA-5370-9A1C-B5B348B030E5}.Debug|Any CPU.Build.0 = Debug|Any CPU
		{89C9104D-E3BA-5370-9A1C-B5B348B030E5}.Release|Any CPU.ActiveCfg = Release|Any CPU
		{89C9104D-E3BA-5370-9A1C-B5B348B030E5}.Release|Any CPU.Build.0 = Release|Any CPU
		{67B36024-27BB-7C1F-730C-53DD500F404D}.Debug|Any CPU.ActiveCfg = Debug|Any CPU
		{67B36024-27BB-7C1F-730C-53DD500F404D}.Debug|Any CPU.Build.0 = Debug|Any CPU
		{67B36024-27BB-7C1F-730C-53DD500F404D}.Release|Any CPU.ActiveCfg = Release|Any CPU
		{67B36024-27BB-7C1F-730C-53DD500F404D}.Release|Any CPU.Build.0 = Release|Any CPU
	EndGlobalSection
	GlobalSection(SolutionProperties) = preSolution
		HideSolutionNode = FALSE
	EndGlobalSection
	GlobalSection(ExtensibilityGlobals) = postSolution
		SolutionGuid = {337100A8-DBCD-4838-B9C7-74EC0DE78755}
	EndGlobalSection
EndGlobal
